
Microsoft Visual Studio Solution File, Format Version 12.00
# Visual Studio Version 16
VisualStudioVersion = 16.0.30011.22
MinimumVisualStudioVersion = 10.0.40219.1
Project("{FAE04EC0-301F-11D3-BF4B-00C04F79EFBC}") = "SampleArch.Model", "SampleArch.Model\SampleArch.Model.csproj", "{932D16F8-B06C-4B83-8A0F-8A2C9744EC62}"
EndProject
Global
	GlobalSection(SolutionConfigurationPlatforms) = preSolution
		Debug|Any CPU = Debug|Any CPU
		Release|Any CPU = Release|Any CPU
	EndGlobalSection
	GlobalSection(ProjectConfigurationPlatforms) = postSolution
		{932D16F8-B06C-4B83-8A0F-8A2C9744EC62}.Debug|Any CPU.ActiveCfg = Debug|Any CPU
		{932D16F8-B06C-4B83-8A0F-8A2C9744EC62}.Debug|Any CPU.Build.0 = Debug|Any CPU
		{932D16F8-B06C-4B83-8A0F-8A2C9744EC62}.Release|Any CPU.ActiveCfg = Release|Any CPU
		{932D16F8-B06C-4B83-8A0F-8A2C9744EC62}.Release|Any CPU.Build.0 = Release|Any CPU
	EndGlobalSection
	GlobalSection(SolutionProperties) = preSolution
		HideSolutionNode = FALSE
	EndGlobalSection
	GlobalSection(ExtensibilityGlobals) = postSolution
		SolutionGuid = {00C2481E-6B44-4E67-B3BA-69BCCF7096BE}
	EndGlobalSection
EndGlobal
